
Microsoft Visual Studio Solution File, Format Version 12.00
# Visual Studio 15
VisualStudioVersion = 15.0.27428.2015
MinimumVisualStudioVersion = 10.0.40219.1
Project("{FAE04EC0-301F-11D3-BF4B-00C04F79EFBC}") = "Datadesign", "Datadesign\Datadesign.csproj", "{5177791C-A51C-472B-976B-E5FF28419B6D}"
EndProject
Global
	GlobalSection(SolutionConfigurationPlatforms) = preSolution
		Debug|Any CPU = Debug|Any CPU
		Release|Any CPU = Release|Any CPU
	EndGlobalSection
	GlobalSection(ProjectConfigurationPlatforms) = postSolution
		{5177791C-A51C-472B-976B-E5FF28419B6D}.Debug|Any CPU.ActiveCfg = Debug|Any CPU
		{5177791C-A51C-472B-976B-E5FF28419B6D}.Debug|Any CPU.Build.0 = Debug|Any CPU
		{5177791C-A51C-472B-976B-E5FF28419B6D}.Release|Any CPU.ActiveCfg = Release|Any CPU
		{5177791C-A51C-472B-976B-E5FF28419B6D}.Release|Any CPU.Build.0 = Release|Any CPU
	EndGlobalSection
	GlobalSection(SolutionProperties) = preSolution
		HideSolutionNode = FALSE
	EndGlobalSection
	GlobalSection(ExtensibilityGlobals) = postSolution
		SolutionGuid = {BEBD5E2A-FBF0-4A5A-B633-173C3AF860A9}
	EndGlobalSection
EndGlobal
